
Microsoft Visual Studio Solution File, Format Version 12.00
# Visual Studio Version 16
VisualStudioVersion = 16.0.32413.511
MinimumVisualStudioVersion = 10.0.40219.1
Project("{FAE04EC0-301F-11D3-BF4B-00C04F79EFBC}") = "StructAssignment", "StructAssignment\StructAssignment.csproj", "{71EE471E-8F50-44CC-9485-12BD8BE440A7}"
EndProject
Global
	GlobalSection(SolutionConfigurationPlatforms) = preSolution
		Debug|Any CPU = Debug|Any CPU
		Release|Any CPU = Release|Any CPU
	EndGlobalSection
	GlobalSection(ProjectConfigurationPlatforms) = postSolution
		{71EE471E-8F50-44CC-9485-12BD8BE440A7}.Debug|Any CPU.ActiveCfg = Debug|Any CPU
		{71EE471E-8F50-44CC-9485-12BD8BE440A7}.Debug|Any CPU.Build.0 = Debug|Any CPU
		{71EE471E-8F50-44CC-9485-12BD8BE440A7}.Release|Any CPU.ActiveCfg = Release|Any CPU
		{71EE471E-8F50-44CC-9485-12BD8BE440A7}.Release|Any CPU.Build.0 = Release|Any CPU
	EndGlobalSection
	GlobalSection(SolutionProperties) = preSolution
		HideSolutionNode = FALSE
	EndGlobalSection
	GlobalSection(ExtensibilityGlobals) = postSolution
		SolutionGuid = {FABBA7BC-91F3-40D1-BF24-07DBB5E01DB5}
	EndGlobalSection
EndGlobal
