
Microsoft Visual Studio Solution File, Format Version 12.00
# Visual Studio Version 16
VisualStudioVersion = 16.0.32428.217
MinimumVisualStudioVersion = 10.0.40219.1
Project("{FAE04EC0-301F-11D3-BF4B-00C04F79EFBC}") = "CarInsurance", "CarInsurance\CarInsurance.csproj", "{28A6104E-7801-4EDB-B79F-8CF74637EC2B}"
EndProject
Global
	GlobalSection(SolutionConfigurationPlatforms) = preSolution
		Debug|Any CPU = Debug|Any CPU
		Release|Any CPU = Release|Any CPU
	EndGlobalSection
	GlobalSection(ProjectConfigurationPlatforms) = postSolution
		{28A6104E-7801-4EDB-B79F-8CF74637EC2B}.Debug|Any CPU.ActiveCfg = Debug|Any CPU
		{28A6104E-7801-4EDB-B79F-8CF74637EC2B}.Debug|Any CPU.Build.0 = Debug|Any CPU
		{28A6104E-7801-4EDB-B79F-8CF74637EC2B}.Release|Any CPU.ActiveCfg = Release|Any CPU
		{28A6104E-7801-4EDB-B79F-8CF74637EC2B}.Release|Any CPU.Build.0 = Release|Any CPU
	EndGlobalSection
	GlobalSection(SolutionProperties) = preSolution
		HideSolutionNode = FALSE
	EndGlobalSection
	GlobalSection(ExtensibilityGlobals) = postSolution
		SolutionGuid = {125690DD-08E3-48ED-9019-F8CD7EC8117B}
	EndGlobalSection
EndGlobal
