
Microsoft Visual Studio Solution File, Format Version 12.00
# Visual Studio Version 16
VisualStudioVersion = 16.0.32413.511
MinimumVisualStudioVersion = 10.0.40219.1
Project("{FAE04EC0-301F-11D3-BF4B-00C04F79EFBC}") = "TwentyOne", "TwentyOne\TwentyOne.csproj", "{9812380A-3F80-48B9-96E2-1DF4D169B5D4}"
EndProject
Project("{FAE04EC0-301F-11D3-BF4B-00C04F79EFBC}") = "Casino", "Casino\Casino.csproj", "{B99E0C90-053A-492C-81E1-34E6C5628354}"
EndProject
Global
	GlobalSection(SolutionConfigurationPlatforms) = preSolution
		Debug|Any CPU = Debug|Any CPU
		Release|Any CPU = Release|Any CPU
	EndGlobalSection
	GlobalSection(ProjectConfigurationPlatforms) = postSolution
		{9812380A-3F80-48B9-96E2-1DF4D169B5D4}.Debug|Any CPU.ActiveCfg = Debug|Any CPU
		{9812380A-3F80-48B9-96E2-1DF4D169B5D4}.Debug|Any CPU.Build.0 = Debug|Any CPU
		{9812380A-3F80-48B9-96E2-1DF4D169B5D4}.Release|Any CPU.ActiveCfg = Release|Any CPU
		{9812380A-3F80-48B9-96E2-1DF4D169B5D4}.Release|Any CPU.Build.0 = Release|Any CPU
		{B99E0C90-053A-492C-81E1-34E6C5628354}.Debug|Any CPU.ActiveCfg = Debug|Any CPU
		{B99E0C90-053A-492C-81E1-34E6C5628354}.Debug|Any CPU.Build.0 = Debug|Any CPU
		{B99E0C90-053A-492C-81E1-34E6C5628354}.Release|Any CPU.ActiveCfg = Release|Any CPU
		{B99E0C90-053A-492C-81E1-34E6C5628354}.Release|Any CPU.Build.0 = Release|Any CPU
	EndGlobalSection
	GlobalSection(SolutionProperties) = preSolution
		HideSolutionNode = FALSE
	EndGlobalSection
	GlobalSection(ExtensibilityGlobals) = postSolution
		SolutionGuid = {715602BF-75AD-433B-9949-D656A6BC9961}
	EndGlobalSection
EndGlobal
