
Microsoft Visual Studio Solution File, Format Version 12.00
# Visual Studio Version 16
VisualStudioVersion = 16.0.32413.511
MinimumVisualStudioVersion = 10.0.40219.1
Project("{FAE04EC0-301F-11D3-BF4B-00C04F79EFBC}") = "ArrayAssignment", "ArrayAssignment\ArrayAssignment.csproj", "{38539C79-FC84-4FB2-8E3C-F42D88FF5F9B}"
EndProject
Global
	GlobalSection(SolutionConfigurationPlatforms) = preSolution
		Debug|Any CPU = Debug|Any CPU
		Release|Any CPU = Release|Any CPU
	EndGlobalSection
	GlobalSection(ProjectConfigurationPlatforms) = postSolution
		{38539C79-FC84-4FB2-8E3C-F42D88FF5F9B}.Debug|Any CPU.ActiveCfg = Debug|Any CPU
		{38539C79-FC84-4FB2-8E3C-F42D88FF5F9B}.Debug|Any CPU.Build.0 = Debug|Any CPU
		{38539C79-FC84-4FB2-8E3C-F42D88FF5F9B}.Release|Any CPU.ActiveCfg = Release|Any CPU
		{38539C79-FC84-4FB2-8E3C-F42D88FF5F9B}.Release|Any CPU.Build.0 = Release|Any CPU
	EndGlobalSection
	GlobalSection(SolutionProperties) = preSolution
		HideSolutionNode = FALSE
	EndGlobalSection
	GlobalSection(ExtensibilityGlobals) = postSolution
		SolutionGuid = {451B4844-81C1-4863-9CB3-AD0A060765D0}
	EndGlobalSection
EndGlobal
